// !$*UTF8*$!
{
	archiveVersion = 1;
	classes = {
	};
	objectVersion = 50;
	objects = {

/* Begin PBXBuildFile section */
		B6B545CF23C09CD400D0A8A7 /* AppDelegate.swift in Sources */ = {isa = PBXBuildFile; fileRef = B6B545CE23C09CD400D0A8A7 /* AppDelegate.swift */; };
		B6B545D123C09CD400D0A8A7 /* SceneDelegate.swift in Sources */ = {isa = PBXBuildFile; fileRef = B6B545D023C09CD400D0A8A7 /* SceneDelegate.swift */; };
		B6B545D323C09CD400D0A8A7 /* BoardViewController.swift in Sources */ = {isa = PBXBuildFile; fileRef = B6B545D223C09CD400D0A8A7 /* BoardViewController.swift */; };
		B6B545D623C09CD400D0A8A7 /* Main.storyboard in Resources */ = {isa = PBXBuildFile; fileRef = B6B545D423C09CD400D0A8A7 /* Main.storyboard */; };
		B6B545D923C09CD400D0A8A7 /* chess_demo.xcdatamodeld in Sources */ = {isa = PBXBuildFile; fileRef = B6B545D723C09CD400D0A8A7 /* chess_demo.xcdatamodeld */; };
		B6B545DB23C09CE100D0A8A7 /* Assets.xcassets in Resources */ = {isa = PBXBuildFile; fileRef = B6B545DA23C09CE100D0A8A7 /* Assets.xcassets */; };
		B6B545DE23C09CE100D0A8A7 /* LaunchScreen.storyboard in Resources */ = {isa = PBXBuildFile; fileRef = B6B545DC23C09CE100D0A8A7 /* LaunchScreen.storyboard */; };
		B6B545E623C09F3500D0A8A7 /* BoardView.swift in Sources */ = {isa = PBXBuildFile; fileRef = B6B545E523C09F3500D0A8A7 /* BoardView.swift */; };
		B6B545E823C0A71400D0A8A7 /* ChessPiece.swift in Sources */ = {isa = PBXBuildFile; fileRef = B6B545E723C0A71400D0A8A7 /* ChessPiece.swift */; };
		B6B545EA23C0A7A500D0A8A7 /* ChessEngine.swift in Sources */ = {isa = PBXBuildFile; fileRef = B6B545E923C0A7A500D0A8A7 /* ChessEngine.swift */; };
		B6B545EC23C0AD0E00D0A8A7 /* ChessDelegate.swift in Sources */ = {isa = PBXBuildFile; fileRef = B6B545EB23C0AD0E00D0A8A7 /* ChessDelegate.swift */; };
/* End PBXBuildFile section */

/* Begin PBXFileReference section */
		B6B545CB23C09CD400D0A8A7 /* Chess.app */ = {isa = PBXFileReference; explicitFileType = wrapper.application; includeInIndex = 0; path = Chess.app; sourceTree = BUILT_PRODUCTS_DIR; };
		B6B545CE23C09CD400D0A8A7 /* AppDelegate.swift */ = {isa = PBXFileReference; lastKnownFileType = sourcecode.swift; path = AppDelegate.swift; sourceTree = "<group>"; };
		B6B545D023C09CD400D0A8A7 /* SceneDelegate.swift */ = {isa = PBXFileReference; lastKnownFileType = sourcecode.swift; path = SceneDelegate.swift; sourceTree = "<group>"; };
		B6B545D223C09CD400D0A8A7 /* BoardViewController.swift */ = {isa = PBXFileReference; lastKnownFileType = sourcecode.swift; path = BoardViewController.swift; sourceTree = "<group>"; };
		B6B545D523C09CD400D0A8A7 /* Base */ = {isa = PBXFileReference; lastKnownFileType = file.storyboard; name = Base; path = Base.lproj/Main.storyboard; sourceTree = "<group>"; };
		B6B545D823C09CD400D0A8A7 /* chess_demo.xcdatamodel */ = {isa = PBXFileReference; lastKnownFileType = wrapper.xcdatamodel; path = chess_demo.xcdatamodel; sourceTree = "<group>"; };
		B6B545DA23C09CE100D0A8A7 /* Assets.xcassets */ = {isa = PBXFileReference; lastKnownFileType = folder.assetcatalog; path = Assets.xcassets; sourceTree = "<group>"; };
		B6B545DD23C09CE100D0A8A7 /* Base */ = {isa = PBXFileReference; lastKnownFileType = file.storyboard; name = Base; path = Base.lproj/LaunchScreen.storyboard; sourceTree = "<group>"; };
		B6B545DF23C09CE100D0A8A7 /* Info.plist */ = {isa = PBXFileReference; lastKnownFileType = text.plist.xml; path = Info.plist; sourceTree = "<group>"; };
		B6B545E523C09F3500D0A8A7 /* BoardView.swift */ = {isa = PBXFileReference; lastKnownFileType = sourcecode.swift; path = BoardView.swift; sourceTree = "<group>"; };
		B6B545E723C0A71400D0A8A7 /* ChessPiece.swift */ = {isa = PBXFileReference; lastKnownFileType = sourcecode.swift; path = ChessPiece.swift; sourceTree = "<group>"; };
		B6B545E923C0A7A500D0A8A7 /* ChessEngine.swift */ = {isa = PBXFileReference; lastKnownFileType = sourcecode.swift; path = ChessEngine.swift; sourceTree = "<group>"; };
		B6B545EB23C0AD0E00D0A8A7 /* ChessDelegate.swift */ = {isa = PBXFileReference; lastKnownFileType = sourcecode.swift; path = ChessDelegate.swift; sourceTree = "<group>"; };
/* End PBXFileReference section */

/* Begin PBXFrameworksBuildPhase section */
		B6B545C823C09CD400D0A8A7 /* Frameworks */ = {
			isa = PBXFrameworksBuildPhase;
			buildActionMask = 2147483647;
			files = (
			);
			runOnlyForDeploymentPostprocessing = 0;
		};
/* End PBXFrameworksBuildPhase section */

/* Begin PBXGroup section */
		B656DC1A243505A300B4E2AF /* UI */ = {
			isa = PBXGroup;
			children = (
				B6B545D223C09CD400D0A8A7 /* BoardViewController.swift */,
				B6B545E523C09F3500D0A8A7 /* BoardView.swift */,
			);
			path = UI;
			sourceTree = "<group>";
		};
		B656DC1B2435067600B4E2AF /* AppStuff */ = {
			isa = PBXGroup;
			children = (
				B6B545CE23C09CD400D0A8A7 /* AppDelegate.swift */,
				B6B545D023C09CD400D0A8A7 /* SceneDelegate.swift */,
				B6B545D723C09CD400D0A8A7 /* chess_demo.xcdatamodeld */,
			);
			path = AppStuff;
			sourceTree = "<group>";
		};
		B6B545C223C09CD300D0A8A7 = {
			isa = PBXGroup;
			children = (
				B6B545CD23C09CD400D0A8A7 /* chess-demo */,
				B6B545CC23C09CD400D0A8A7 /* Products */,
			);
			sourceTree = "<group>";
		};
		B6B545CC23C09CD400D0A8A7 /* Products */ = {
			isa = PBXGroup;
			children = (
				B6B545CB23C09CD400D0A8A7 /* Chess.app */,
			);
			name = Products;
			sourceTree = "<group>";
		};
		B6B545CD23C09CD400D0A8A7 /* chess-demo */ = {
			isa = PBXGroup;
			children = (
				B656DC1B2435067600B4E2AF /* AppStuff */,
				B6B545D423C09CD400D0A8A7 /* Main.storyboard */,
				B6B545DC23C09CE100D0A8A7 /* LaunchScreen.storyboard */,
				B6B545E723C0A71400D0A8A7 /* ChessPiece.swift */,
				B6B545E923C0A7A500D0A8A7 /* ChessEngine.swift */,
				B6B545EB23C0AD0E00D0A8A7 /* ChessDelegate.swift */,
				B6B545DA23C09CE100D0A8A7 /* Assets.xcassets */,
				B6B545DF23C09CE100D0A8A7 /* Info.plist */,
				B656DC1A243505A300B4E2AF /* UI */,
			);
			path = "chess-demo";
			sourceTree = "<group>";
		};
/* End PBXGroup section */

/* Begin PBXNativeTarget section */
		B6B545CA23C09CD400D0A8A7 /* chess-demo */ = {
			isa = PBXNativeTarget;
			buildConfigurationList = B6B545E223C09CE100D0A8A7 /* Build configuration list for PBXNativeTarget "chess-demo" */;
			buildPhases = (
				B6B545C723C09CD400D0A8A7 /* Sources */,
				B6B545C823C09CD400D0A8A7 /* Frameworks */,
				B6B545C923C09CD400D0A8A7 /* Resources */,
			);
			buildRules = (
			);
			dependencies = (
			);
			name = "chess-demo";
			productName = "chess-demo";
			productReference = B6B545CB23C09CD400D0A8A7 /* Chess.app */;
			productType = "com.apple.product-type.application";
		};
/* End PBXNativeTarget section */

/* Begin PBXProject section */
		B6B545C323C09CD300D0A8A7 /* Project object */ = {
			isa = PBXProject;
			attributes = {
				LastSwiftUpdateCheck = 1130;
				LastUpgradeCheck = 1130;
				ORGANIZATIONNAME = "Helen Stepaniuk";
				TargetAttributes = {
					B6B545CA23C09CD400D0A8A7 = {
						CreatedOnToolsVersion = 11.3;
					};
				};
			};
			buildConfigurationList = B6B545C623C09CD300D0A8A7 /* Build configuration list for PBXProject "chess-demo" */;
			compatibilityVersion = "Xcode 9.3";
			developmentRegion = en;
			hasScannedForEncodings = 0;
			knownRegions = (
				en,
				Base,
			);
			mainGroup = B6B545C223C09CD300D0A8A7;
			productRefGroup = B6B545CC23C09CD400D0A8A7 /* Products */;
			projectDirPath = "";
			projectRoot = "";
			targets = (
				B6B545CA23C09CD400D0A8A7 /* chess-demo */,
			);
		};
/* End PBXProject section */

/* Begin PBXResourcesBuildPhase section */
		B6B545C923C09CD400D0A8A7 /* Resources */ = {
			isa = PBXResourcesBuildPhase;
			buildActionMask = 2147483647;
			files = (
				B6B545DE23C09CE100D0A8A7 /* LaunchScreen.storyboard in Resources */,
				B6B545DB23C09CE100D0A8A7 /* Assets.xcassets in Resources */,
				B6B545D623C09CD400D0A8A7 /* Main.storyboard in Resources */,
			);
			runOnlyForDeploymentPostprocessing = 0;
		};
/* End PBXResourcesBuildPhase section */

/* Begin PBXSourcesBuildPhase section */
		B6B545C723C09CD400D0A8A7 /* Sources */ = {
			isa = PBXSourcesBuildPhase;
			buildActionMask = 2147483647;
			files = (
				B6B545D323C09CD400D0A8A7 /* BoardViewController.swift in Sources */,
				B6B545D923C09CD400D0A8A7 /* chess_demo.xcdatamodeld in Sources */,
				B6B545E623C09F3500D0A8A7 /* BoardView.swift in Sources */,
				B6B545CF23C09CD400D0A8A7 /* AppDelegate.swift in Sources */,
				B6B545D123C09CD400D0A8A7 /* SceneDelegate.swift in Sources */,
				B6B545E823C0A71400D0A8A7 /* ChessPiece.swift in Sources */,
				B6B545EA23C0A7A500D0A8A7 /* ChessEngine.swift in Sources */,
				B6B545EC23C0AD0E00D0A8A7 /* ChessDelegate.swift in Sources */,
			);
			runOnlyForDeploymentPostprocessing = 0;
		};
/* End PBXSourcesBuildPhase section */

/* Begin PBXVariantGroup section */
		B6B545D423C09CD400D0A8A7 /* Main.storyboard */ = {
			isa = PBXVariantGroup;
			children = (
				B6B545D523C09CD400D0A8A7 /* Base */,
			);
			name = Main.storyboard;
			sourceTree = "<group>";
		};
		B6B545DC23C09CE100D0A8A7 /* LaunchScreen.storyboard */ = {
			isa = PBXVariantGroup;
			children = (
				B6B545DD23C09CE100D0A8A7 /* Base */,
			);
			name = LaunchScreen.storyboard;
			sourceTree = "<group>";
		};
/* End PBXVariantGroup section */

/* Begin XCBuildConfiguration section */
		B6B545E023C09CE100D0A8A7 /* Debug */ = {
			isa = XCBuildConfiguration;
			buildSettings = {
				ALWAYS_SEARCH_USER_PATHS = NO;
				CLANG_ANALYZER_NONNULL = YES;
				CLANG_ANALYZER_NUMBER_OBJECT_CONVERSION = YES_AGGRESSIVE;
				CLANG_CXX_LANGUAGE_STANDARD = "gnu++14";
				CLANG_CXX_LIBRARY = "libc++";
				CLANG_ENABLE_MODULES = YES;
				CLANG_ENABLE_OBJC_ARC = YES;
				CLANG_ENABLE_OBJC_WEAK = YES;
				CLANG_WARN_BLOCK_CAPTURE_AUTORELEASING = YES;
				CLANG_WARN_BOOL_CONVERSION = YES;
				CLANG_WARN_COMMA = YES;
				CLANG_WARN_CONSTANT_CONVERSION = YES;
				CLANG_WARN_DEPRECATED_OBJC_IMPLEMENTATIONS = YES;
				CLANG_WARN_DIRECT_OBJC_ISA_USAGE = YES_ERROR;
				CLANG_WARN_DOCUMENTATION_COMMENTS = YES;
				CLANG_WARN_EMPTY_BODY = YES;
				CLANG_WARN_ENUM_CONVERSION = YES;
				CLANG_WARN_INFINITE_RECURSION = YES;
				CLANG_WARN_INT_CONVERSION = YES;
				CLANG_WARN_NON_LITERAL_NULL_CONVERSION = YES;
				CLANG_WARN_OBJC_IMPLICIT_RETAIN_SELF = YES;
				CLANG_WARN_OBJC_LITERAL_CONVERSION = YES;
				CLANG_WARN_OBJC_ROOT_CLASS = YES_ERROR;
				CLANG_WARN_RANGE_LOOP_ANALYSIS = YES;
				CLANG_WARN_STRICT_PROTOTYPES = YES;
				CLANG_WARN_SUSPICIOUS_MOVE = YES;
				CLANG_WARN_UNGUARDED_AVAILABILITY = YES_AGGRESSIVE;
				CLANG_WARN_UNREACHABLE_CODE = YES;
				CLANG_WARN__DUPLICATE_METHOD_MATCH = YES;
				COPY_PHASE_STRIP = NO;
				DEBUG_INFORMATION_FORMAT = dwarf;
				ENABLE_STRICT_OBJC_MSGSEND = YES;
				ENABLE_TESTABILITY = YES;
				GCC_C_LANGUAGE_STANDARD = gnu11;
				GCC_DYNAMIC_NO_PIC = NO;
				GCC_NO_COMMON_BLOCKS = YES;
				GCC_OPTIMIZATION_LEVEL = 0;
				GCC_PREPROCESSOR_DEFINITIONS = (
					"DEBUG=1",
					"$(inherited)",
				);
				GCC_WARN_64_TO_32_BIT_CONVERSION = YES;
				GCC_WARN_ABOUT_RETURN_TYPE = YES_ERROR;
				GCC_WARN_UNDECLARED_SELECTOR = YES;
				GCC_WARN_UNINITIALIZED_AUTOS = YES_AGGRESSIVE;
				GCC_WARN_UNUSED_FUNCTION = YES;
				GCC_WARN_UNUSED_VARIABLE = YES;
				IPHONEOS_DEPLOYMENT_TARGET = 13.2;
				MTL_ENABLE_DEBUG_INFO = INCLUDE_SOURCE;
				MTL_FAST_MATH = YES;
				ONLY_ACTIVE_ARCH = YES;
				SDKROOT = iphoneos;
				SWIFT_ACTIVE_COMPILATION_CONDITIONS = DEBUG;
				SWIFT_OPTIMIZATION_LEVEL = "-Onone";
			};
			name = Debug;
		};
		B6B545E123C09CE100D0A8A7 /* Release */ = {
			isa = XCBuildConfiguration;
			buildSettings = {
				ALWAYS_SEARCH_USER_PATHS = NO;
				CLANG_ANALYZER_NONNULL = YES;
				CLANG_ANALYZER_NUMBER_OBJECT_CONVERSION = YES_AGGRESSIVE;
				CLANG_CXX_LANGUAGE_STANDARD = "gnu++14";
				CLANG_CXX_LIBRARY = "libc++";
				CLANG_ENABLE_MODULES = YES;
				CLANG_ENABLE_OBJC_ARC = YES;
				CLANG_ENABLE_OBJC_WEAK = YES;
				CLANG_WARN_BLOCK_CAPTURE_AUTORELEASING = YES;
				CLANG_WARN_BOOL_CONVERSION = YES;
				CLANG_WARN_COMMA = YES;
				CLANG_WARN_CONSTANT_CONVERSION = YES;
				CLANG_WARN_DEPRECATED_OBJC_IMPLEMENTATIONS = YES;
				CLANG_WARN_DIRECT_OBJC_ISA_USAGE = YES_ERROR;
				CLANG_WARN_DOCUMENTATION_COMMENTS = YES;
				CLANG_WARN_EMPTY_BODY = YES;
				CLANG_WARN_ENUM_CONVERSION = YES;
				CLANG_WARN_INFINITE_RECURSION = YES;
				CLANG_WARN_INT_CONVERSION = YES;
				CLANG_WARN_NON_LITERAL_NULL_CONVERSION = YES;
				CLANG_WARN_OBJC_IMPLICIT_RETAIN_SELF = YES;
				CLANG_WARN_OBJC_LITERAL_CONVERSION = YES;
				CLANG_WARN_OBJC_ROOT_CLASS = YES_ERROR;
				CLANG_WARN_RANGE_LOOP_ANALYSIS = YES;
				CLANG_WARN_STRICT_PROTOTYPES = YES;
				CLANG_WARN_SUSPICIOUS_MOVE = YES;
				CLANG_WARN_UNGUARDED_AVAILABILITY = YES_AGGRESSIVE;
				CLANG_WARN_UNREACHABLE_CODE = YES;
				CLANG_WARN__DUPLICATE_METHOD_MATCH = YES;
				COPY_PHASE_STRIP = NO;
				DEBUG_INFORMATION_FORMAT = "dwarf-with-dsym";
				ENABLE_NS_ASSERTIONS = NO;
				ENABLE_STRICT_OBJC_MSGSEND = YES;
				GCC_C_LANGUAGE_STANDARD = gnu11;
				GCC_NO_COMMON_BLOCKS = YES;
				GCC_WARN_64_TO_32_BIT_CONVERSION = YES;
				GCC_WARN_ABOUT_RETURN_TYPE = YES_ERROR;
				GCC_WARN_UNDECLARED_SELECTOR = YES;
				GCC_WARN_UNINITIALIZED_AUTOS = YES_AGGRESSIVE;
				GCC_WARN_UNUSED_FUNCTION = YES;
				GCC_WARN_UNUSED_VARIABLE = YES;
				IPHONEOS_DEPLOYMENT_TARGET = 13.2;
				MTL_ENABLE_DEBUG_INFO = NO;
				MTL_FAST_MATH = YES;
				SDKROOT = iphoneos;
				SWIFT_COMPILATION_MODE = wholemodule;
				SWIFT_OPTIMIZATION_LEVEL = "-O";
				VALIDATE_PRODUCT = YES;
			};
			name = Release;
		};
		B6B545E323C09CE100D0A8A7 /* Debug */ = {
			isa = XCBuildConfiguration;
			buildSettings = {
				ASSETCATALOG_COMPILER_APPICON_NAME = AppIcon;
				CODE_SIGN_STYLE = Automatic;
				DEVELOPMENT_TEAM = L9295BF929;
				INFOPLIST_FILE = "chess-demo/Info.plist";
				LD_RUNPATH_SEARCH_PATHS = (
					"$(inherited)",
					"@executable_path/Frameworks",
				);
				PRODUCT_BUNDLE_IDENTIFIER = "Soyka.chess-demo";
				PRODUCT_NAME = Chess;
				SWIFT_VERSION = 5.0;
				TARGETED_DEVICE_FAMILY = "1,2";
			};
			name = Debug;
		};
		B6B545E423C09CE100D0A8A7 /* Release */ = {
			isa = XCBuildConfiguration;
			buildSettings = {
				ASSETCATALOG_COMPILER_APPICON_NAME = AppIcon;
				CODE_SIGN_STYLE = Automatic;
				DEVELOPMENT_TEAM = L9295BF929;
				INFOPLIST_FILE = "chess-demo/Info.plist";
				LD_RUNPATH_SEARCH_PATHS = (
					"$(inherited)",
					"@executable_path/Frameworks",
				);
				PRODUCT_BUNDLE_IDENTIFIER = "Soyka.chess-demo";
				PRODUCT_NAME = Chess;
				SWIFT_VERSION = 5.0;
				TARGETED_DEVICE_FAMILY = "1,2";
			};
			name = Release;
		};
/* End XCBuildConfiguration section */

/* Begin XCConfigurationList section */
		B6B545C623C09CD300D0A8A7 /* Build configuration list for PBXProject "chess-demo" */ = {
			isa = XCConfigurationList;
			buildConfigurations = (
				B6B545E023C09CE100D0A8A7 /* Debug */,
				B6B545E123C09CE100D0A8A7 /* Release */,
			);
			defaultConfigurationIsVisible = 0;
			defaultConfigurationName = Release;
		};
		B6B545E223C09CE100D0A8A7 /* Build configuration list for PBXNativeTarget "chess-demo" */ = {
			isa = XCConfigurationList;
			buildConfigurations = (
				B6B545E323C09CE100D0A8A7 /* Debug */,
				B6B545E423C09CE100D0A8A7 /* Release */,
			);
			defaultConfigurationIsVisible = 0;
			defaultConfigurationName = Release;
		};
/* End XCConfigurationList section */

/* Begin XCVersionGroup section */
		B6B545D723C09CD400D0A8A7 /* chess_demo.xcdatamodeld */ = {
			isa = XCVersionGroup;
			children = (
				B6B545D823C09CD400D0A8A7 /* chess_demo.xcdatamodel */,
			);
			currentVersion = B6B545D823C09CD400D0A8A7 /* chess_demo.xcdatamodel */;
			path = chess_demo.xcdatamodeld;
			sourceTree = "<group>";
			versionGroupType = wrapper.xcdatamodel;
		};
/* End XCVersionGroup section */
	};
	rootObject = B6B545C323C09CD300D0A8A7 /* Project object */;
}
